# THIS IS AN AUTOGENERATED FILE. DO NOT EDIT THIS FILE DIRECTLY.
# yarn lockfile v1


better-react-spinkit@^2.0.4:
  version "2.0.4"
  resolved "https://registry.npmjs.org/better-react-spinkit/-/better-react-spinkit-2.0.4.tgz"
  integrity sha512-akLI2a7zoKPMkk2A/H/OGslsy6OHBjRnIefhJu6w2jeelP8qVQ7Zqpfb0/2OHdQsIaoMFL07CoLvBj9Qgm7CGQ==
  dependencies:
    inline-style-prefixer "^3.0.3"
    minify-css-string "^1.0.0"

bowser@^1.7.3:
  version "1.9.4"
  resolved "https://registry.npmjs.org/bowser/-/bowser-1.9.4.tgz"
  integrity sha512-9IdMmj2KjigRq6oWhmwv1W36pDuA4STQZ8q6YO9um+x07xgYNCD3Oou+WP/3L1HNz7iqythGet3/p4wvc8AAwQ==

css-in-js-utils@^2.0.0:
  version "2.0.1"
  resolved "https://registry.npmjs.org/css-in-js-utils/-/css-in-js-utils-2.0.1.tgz"
  integrity sha512-PJF0SpJT+WdbVVt0AOYp9C8GnuruRlL/UFW7932nLWmFLQTaWEzTBQEx7/hn4BuV+WON75iAViSUJLiU3PKbpA==
  dependencies:
    hyphenate-style-name "^1.0.2"
    isobject "^3.0.1"

es6-object-assign@^1.1.0:
  version "1.1.0"
  resolved "https://registry.npmjs.org/es6-object-assign/-/es6-object-assign-1.1.0.tgz"
  integrity sha512-MEl9uirslVwqQU369iHNWZXsI8yaZYGg/D65aOgZkeyFJwHYSxilf7rQzXKI7DdDuBPrBXbfk3sl9hJhmd5AUw==

hyphenate-style-name@^1.0.2:
  version "1.0.4"
  resolved "https://registry.npmjs.org/hyphenate-style-name/-/hyphenate-style-name-1.0.4.tgz"
  integrity sha512-ygGZLjmXfPHj+ZWh6LwbC37l43MhfztxetbFCoYTM2VjkIUpeHgSNn7QIyVFj7YQ1Wl9Cbw5sholVJPzWvC2MQ==

inline-style-prefixer@^3.0.3:
  version "3.0.8"
  resolved "https://registry.npmjs.org/inline-style-prefixer/-/inline-style-prefixer-3.0.8.tgz"
  integrity sha512-ne8XIyyqkRaNJ1JfL1NYzNdCNxq+MCBQhC8NgOQlzNm2vv3XxlP0VSLQUbSRCF6KPEoveCVEpayHoHzcMyZsMQ==
  dependencies:
    bowser "^1.7.3"
    css-in-js-utils "^2.0.0"

isobject@^3.0.1:
  version "3.0.1"
  resolved "https://registry.npmjs.org/isobject/-/isobject-3.0.1.tgz"
  integrity sha512-WhB9zCku7EGTj/HQQRz5aUQEUeoQZH2bWcltRErOpymJ4boYE6wL9Tbr23krRPSZ+C5zqNSrSw+Cc7sZZ4b7vg==

minify-css-string@^1.0.0:
  version "1.0.0"
  resolved "https://registry.npmjs.org/minify-css-string/-/minify-css-string-1.0.0.tgz"
  integrity sha512-DJaNU2LAYR/bcDxRkmntPHnWNUZnmvkIkaD8qfuE5aLcM1bQODNAGSRxncv+tPglnYEG9xQVSpGFbcObix7j7Q==

promise-polyfill@^6.0.2:
  version "6.1.0"
  resolved "https://registry.npmjs.org/promise-polyfill/-/promise-polyfill-6.1.0.tgz"
  integrity sha512-g0LWaH0gFsxovsU7R5LrrhHhWAWiHRnh1GPrhXnPgYsDkIqjRYUYSZEsej/wtleDrz5xVSIDbeKfidztp2XHFQ==

sweetalert@^2.1.2:
  version "2.1.2"
  resolved "https://registry.npmjs.org/sweetalert/-/sweetalert-2.1.2.tgz"
  integrity sha512-iWx7X4anRBNDa/a+AdTmvAzQtkN1+s4j/JJRWlHpYE8Qimkohs8/XnFcWeYHH2lMA8LRCa5tj2d244If3S/hzA==
  dependencies:
    es6-object-assign "^1.1.0"
    promise-polyfill "^6.0.2"
